# This file is automatically @generated by Cargo.
# It is not intended for manual editing.
version = 3

[[package]]
name = "dotenv"
version = "0.15.0"
source = "registry+https://github.com/rust-lang/crates.io-index"
checksum = "77c90badedccf4105eca100756a0b1289e191f6fcbdadd3cee1d2f614f97da8f"

[[package]]
name = "env_logger"
version = "0.7.1"
source = "registry+https://github.com/rust-lang/crates.io-index"
checksum = "44533bbbb3bb3c1fa17d9f2e4e38bbbaf8396ba82193c4cb1b6445d711445d36"
dependencies = [
 "log",
]

[[package]]
name = "envconfig"
version = "0.10.0"
source = "registry+https://github.com/rust-lang/crates.io-index"
checksum = "ea81cc7e21f55a9d9b1efb6816904978d0bfbe31a50347cb24b2e75564bcac9b"
dependencies = [
 "envconfig_derive",
]

[[package]]
name = "envconfig_derive"
version = "0.10.0"
source = "registry+https://github.com/rust-lang/crates.io-index"
checksum = "7dfca278e5f84b45519acaaff758ebfa01f18e96998bc24b8f1b722dd804b9bf"
dependencies = [
 "proc-macro2",
 "quote",
 "syn 1.0.109",
]

[[package]]
name = "equivalent"
version = "1.0.1"
source = "registry+https://github.com/rust-lang/crates.io-index"
checksum = "5443807d6dff69373d433ab9ef5378ad8df50ca6298caf15de6e52e24aaf54d5"

[[package]]
name = "erased-serde"
version = "0.3.31"
source = "registry+https://github.com/rust-lang/crates.io-index"
checksum = "6c138974f9d5e7fe373eb04df7cae98833802ae4b11c24ac7039a21d5af4b26c"
dependencies = [
 "serde",
]

[[package]]
name = "extractor"
version = "0.1.0"
dependencies = [
 "dotenv",
 "envconfig",
 "json_env_logger",
 "log",
 "skyscraper",
]

[[package]]
name = "hashbrown"
version = "0.14.0"
source = "registry+https://github.com/rust-lang/crates.io-index"
checksum = "2c6201b9ff9fd90a5a3bac2e56a830d0caa509576f0e503818ee82c181b3437a"

[[package]]
name = "indexmap"
version = "2.0.0"
source = "registry+https://github.com/rust-lang/crates.io-index"
checksum = "d5477fe2230a79769d8dc68e0eabf5437907c0457a5614a9e8dddb67f65eb65d"
dependencies = [
 "equivalent",
 "hashbrown",
]

[[package]]
name = "indextree"
version = "4.6.0"
source = "registry+https://github.com/rust-lang/crates.io-index"
checksum = "c40411d0e5c63ef1323c3d09ce5ec6d84d71531e18daed0743fccea279d7deb6"

[[package]]
name = "itoa"
version = "1.0.9"
source = "registry+https://github.com/rust-lang/crates.io-index"
checksum = "af150ab688ff2122fcef229be89cb50dd66af9e01a4ff320cc137eecc9bacc38"

[[package]]
name = "json_env_logger"
version = "0.1.1"
source = "registry+https://github.com/rust-lang/crates.io-index"
checksum = "4e2ec540ea0448b187d3a8b4a9f13e75527d06ef76b3a2baa1cd982aecb62ce2"
dependencies = [
 "env_logger",
 "kv-log-macro",
 "log",
 "serde_json",
]

[[package]]
name = "kv-log-macro"
version = "1.0.7"
source = "registry+https://github.com/rust-lang/crates.io-index"
checksum = "0de8b303297635ad57c9f5059fd9cee7a47f8e8daa09df0fcd07dd39fb22977f"
dependencies = [
 "log",
]

[[package]]
name = "lazy_static"
version = "1.4.0"
source = "registry+https://github.com/rust-lang/crates.io-index"
checksum = "e2abad23fbc42b3700f2f279844dc832adb2b2eb069b2df918f455c4e18cc646"

[[package]]
name = "log"
version = "0.4.20"
source = "registry+https://github.com/rust-lang/crates.io-index"
checksum = "b5e6163cb8c49088c2c36f57875e58ccd8c87c7427f7fbd50ea6710b2f3f2e8f"
dependencies = [
 "value-bag",
]

[[package]]
name = "proc-macro2"
version = "1.0.67"
source = "registry+https://github.com/rust-lang/crates.io-index"
checksum = "3d433d9f1a3e8c1263d9456598b16fec66f4acc9a74dacffd35c7bb09b3a1328"
dependencies = [
 "unicode-ident",
]

[[package]]
name = "quote"
version = "1.0.33"
source = "registry+https://github.com/rust-lang/crates.io-index"
checksum = "5267fca4496028628a95160fc423a33e8b2e6af8a5302579e322e4b520293cae"
dependencies = [
 "proc-macro2",
]

[[package]]
name = "ryu"
version = "1.0.15"
source = "registry+https://github.com/rust-lang/crates.io-index"
checksum = "1ad4cc8da4ef723ed60bced201181d83791ad433213d8c24efffda1eec85d741"

[[package]]
name = "serde"
version = "1.0.188"
source = "registry+https://github.com/rust-lang/crates.io-index"
checksum = "cf9e0fcba69a370eed61bcf2b728575f726b50b55cba78064753d708ddc7549e"
dependencies = [
 "serde_derive",
]

[[package]]
name = "serde_derive"
version = "1.0.188"
source = "registry+https://github.com/rust-lang/crates.io-index"
checksum = "4eca7ac642d82aa35b60049a6eccb4be6be75e599bd2e9adb5f875a737654af2"
dependencies = [
 "proc-macro2",
 "quote",
 "syn 2.0.37",
]

[[package]]
name = "serde_fmt"
version = "1.0.3"
source = "registry+https://github.com/rust-lang/crates.io-index"
checksum = "e1d4ddca14104cd60529e8c7f7ba71a2c8acd8f7f5cfcdc2faf97eeb7c3010a4"
dependencies = [
 "serde",
]

[[package]]
name = "serde_json"
version = "1.0.107"
source = "registry+https://github.com/rust-lang/crates.io-index"
checksum = "6b420ce6e3d8bd882e9b243c6eed35dbc9a6110c9769e74b584e0d68d1f20c65"
dependencies = [
 "itoa",
 "ryu",
 "serde",
]

[[package]]
name = "skyscraper"
version = "0.5.0"
source = "registry+https://github.com/rust-lang/crates.io-index"
checksum = "9a3e534ff3583aa34883e707de4d1484af7b01cd9fe4173353dd9eb4666e8322"
dependencies = [
 "indexmap",
 "indextree",
 "lazy_static",
 "log",
 "thiserror",
]

[[package]]
name = "sval"
version = "2.8.0"
source = "registry+https://github.com/rust-lang/crates.io-index"
checksum = "05d11eec9fbe2bc8bc71e7349f0e7534db9a96d961fb9f302574275b7880ad06"

[[package]]
name = "sval_buffer"
version = "2.8.0"
source = "registry+https://github.com/rust-lang/crates.io-index"
checksum = "6b7451f69a93c5baf2653d5aa8bb4178934337f16c22830a50b06b386f72d761"
dependencies = [
 "sval",
 "sval_ref",
]

[[package]]
name = "sval_dynamic"
version = "2.8.0"
source = "registry+https://github.com/rust-lang/crates.io-index"
checksum = "c34f5a2cc12b4da2adfb59d5eedfd9b174a23cc3fae84cec71dcbcd9302068f5"
dependencies = [
 "sval",
]

[[package]]
name = "sval_fmt"
version = "2.8.0"
source = "registry+https://github.com/rust-lang/crates.io-index"
checksum = "2f578b2301341e246d00b35957f2952c4ec554ad9c7cfaee10bc86bc92896578"
dependencies = [
 "itoa",
 "ryu",
 "sval",
]

[[package]]
name = "sval_json"
version = "2.8.0"
source = "registry+https://github.com/rust-lang/crates.io-index"
checksum = "8346c00f5dc6efe18bea8d13c1f7ca4f112b20803434bf3657ac17c0f74cbc4b"
dependencies = [
 "itoa",
 "ryu",
 "sval",
]

[[package]]
name = "sval_ref"
version = "2.8.0"
source = "registry+https://github.com/rust-lang/crates.io-index"
checksum = "6617cc89952f792aebc0f4a1a76bc51e80c70b18c491bd52215c7989c4c3dd06"
dependencies = [
 "sval",
]

[[package]]
name = "sval_serde"
version = "2.8.0"
source = "registry+https://github.com/rust-lang/crates.io-index"
checksum = "fe3d1e59f023341d9af75d86f3bc148a6704f3f831eef0dd90bbe9cb445fa024"
dependencies = [
 "serde",
 "sval",
 "sval_buffer",
 "sval_fmt",
]

[[package]]
name = "syn"
version = "1.0.109"
source = "registry+https://github.com/rust-lang/crates.io-index"
checksum = "72b64191b275b66ffe2469e8af2c1cfe3bafa67b529ead792a6d0160888b4237"
dependencies = [
 "proc-macro2",
 "quote",
 "unicode-ident",
]

[[package]]
name = "syn"
version = "2.0.37"
source = "registry+https://github.com/rust-lang/crates.io-index"
checksum = "7303ef2c05cd654186cb250d29049a24840ca25d2747c25c0381c8d9e2f582e8"
dependencies = [
 "proc-macro2",
 "quote",
 "unicode-ident",
]

[[package]]
name = "thiserror"
version = "1.0.48"
source = "registry+https://github.com/rust-lang/crates.io-index"
checksum = "9d6d7a740b8a666a7e828dd00da9c0dc290dff53154ea77ac109281de90589b7"
dependencies = [
 "thiserror-impl",
]

[[package]]
name = "thiserror-impl"
version = "1.0.48"
source = "registry+https://github.com/rust-lang/crates.io-index"
checksum = "49922ecae66cc8a249b77e68d1d0623c1b2c514f0060c27cdc68bd62a1219d35"
dependencies = [
 "proc-macro2",
 "quote",
 "syn 2.0.37",
]

[[package]]
name = "unicode-ident"
version = "1.0.12"
source = "registry+https://github.com/rust-lang/crates.io-index"
checksum = "3354b9ac3fae1ff6755cb6db53683adb661634f67557942dea4facebec0fee4b"

[[package]]
name = "value-bag"
version = "1.4.1"
source = "registry+https://github.com/rust-lang/crates.io-index"
checksum = "d92ccd67fb88503048c01b59152a04effd0782d035a83a6d256ce6085f08f4a3"
dependencies = [
 "value-bag-serde1",
 "value-bag-sval2",
]

[[package]]
name = "value-bag-serde1"
version = "1.4.1"
source = "registry+https://github.com/rust-lang/crates.io-index"
checksum = "b0b9f3feef403a50d4d67e9741a6d8fc688bcbb4e4f31bd4aab72cc690284394"
dependencies = [
 "erased-serde",
 "serde",
 "serde_fmt",
]

[[package]]
name = "value-bag-sval2"
version = "1.4.1"
source = "registry+https://github.com/rust-lang/crates.io-index"
checksum = "30b24f4146b6f3361e91cbf527d1fb35e9376c3c0cef72ca5ec5af6d640fad7d"
dependencies = [
 "sval",
 "sval_buffer",
 "sval_dynamic",
 "sval_fmt",
 "sval_json",
 "sval_ref",
 "sval_serde",
]
